
Microsoft Visual Studio Solution File, Format Version 12.00
# Visual Studio Version 17
VisualStudioVersion = 17.5.33414.496
MinimumVisualStudioVersion = 10.0.40219.1
Project("{FAE04EC0-301F-11D3-BF4B-00C04F79EFBC}") = "KayneRest", "KayneRest\KayneRest.csproj", "{8BD63804-84E5-45A0-9F00-76BE19DBCDFD}"
EndProject
Global
	GlobalSection(SolutionConfigurationPlatforms) = preSolution
		Debug|Any CPU = Debug|Any CPU
		Release|Any CPU = Release|Any CPU
	EndGlobalSection
	GlobalSection(ProjectConfigurationPlatforms) = postSolution
		{8BD63804-84E5-45A0-9F00-76BE19DBCDFD}.Debug|Any CPU.ActiveCfg = Debug|Any CPU
		{8BD63804-84E5-45A0-9F00-76BE19DBCDFD}.Debug|Any CPU.Build.0 = Debug|Any CPU
		{8BD63804-84E5-45A0-9F00-76BE19DBCDFD}.Release|Any CPU.ActiveCfg = Release|Any CPU
		{8BD63804-84E5-45A0-9F00-76BE19DBCDFD}.Release|Any CPU.Build.0 = Release|Any CPU
	EndGlobalSection
	GlobalSection(SolutionProperties) = preSolution
		HideSolutionNode = FALSE
	EndGlobalSection
	GlobalSection(ExtensibilityGlobals) = postSolution
		SolutionGuid = {D36A4BFB-09E5-4785-BAEA-E70F7DAE27DB}
	EndGlobalSection
EndGlobal
